
Microsoft Visual Studio Solution File, Format Version 12.00
# Visual Studio Version 17
VisualStudioVersion = 17.3.32811.315
MinimumVisualStudioVersion = 10.0.40219.1
Project("{9092AA53-FB77-4645-B42D-1CCCA6BD08BD}") = "nodeJS bombparty", "nodeJS bombparty\nodeJS bombparty.njsproj", "{1D88DEEF-A9EB-4E42-ADE3-DB964C6EF2C2}"
EndProject
Global
	GlobalSection(SolutionConfigurationPlatforms) = preSolution
		Debug|Any CPU = Debug|Any CPU
		Release|Any CPU = Release|Any CPU
	EndGlobalSection
	GlobalSection(ProjectConfigurationPlatforms) = postSolution
		{1D88DEEF-A9EB-4E42-ADE3-DB964C6EF2C2}.Debug|Any CPU.ActiveCfg = Debug|Any CPU
		{1D88DEEF-A9EB-4E42-ADE3-DB964C6EF2C2}.Debug|Any CPU.Build.0 = Debug|Any CPU
		{1D88DEEF-A9EB-4E42-ADE3-DB964C6EF2C2}.Release|Any CPU.ActiveCfg = Release|Any CPU
		{1D88DEEF-A9EB-4E42-ADE3-DB964C6EF2C2}.Release|Any CPU.Build.0 = Release|Any CPU
	EndGlobalSection
	GlobalSection(SolutionProperties) = preSolution
		HideSolutionNode = FALSE
	EndGlobalSection
	GlobalSection(ExtensibilityGlobals) = postSolution
		SolutionGuid = {F6E57B07-D6FA-4592-B5E1-2AAE263D5485}
	EndGlobalSection
EndGlobal
